
Microsoft Visual Studio Solution File, Format Version 12.00
# Visual Studio 2012
Project("{FAE04EC0-301F-11D3-BF4B-00C04F79EFBC}") = "Calculator", "Calculator\Calculator.csproj", "{CDE110A1-FAD5-44C5-9A35-2CE4E26BD044}"
EndProject
Global
	GlobalSection(SolutionConfigurationPlatforms) = preSolution
		Debug|iPhoneSimulator = Debug|iPhoneSimulator
		Release|iPhoneSimulator = Release|iPhoneSimulator
		Debug|iPhone = Debug|iPhone
		Release|iPhone = Release|iPhone
		Ad-Hoc|iPhone = Ad-Hoc|iPhone
		AppStore|iPhone = AppStore|iPhone
	EndGlobalSection
	GlobalSection(ProjectConfigurationPlatforms) = postSolution
		{CDE110A1-FAD5-44C5-9A35-2CE4E26BD044}.Ad-Hoc|iPhone.ActiveCfg = Ad-Hoc|iPhone
		{CDE110A1-FAD5-44C5-9A35-2CE4E26BD044}.Ad-Hoc|iPhone.Build.0 = Ad-Hoc|iPhone
		{CDE110A1-FAD5-44C5-9A35-2CE4E26BD044}.AppStore|iPhone.ActiveCfg = AppStore|iPhone
		{CDE110A1-FAD5-44C5-9A35-2CE4E26BD044}.AppStore|iPhone.Build.0 = AppStore|iPhone
		{CDE110A1-FAD5-44C5-9A35-2CE4E26BD044}.Debug|iPhone.ActiveCfg = Debug|iPhone
		{CDE110A1-FAD5-44C5-9A35-2CE4E26BD044}.Debug|iPhone.Build.0 = Debug|iPhone
		{CDE110A1-FAD5-44C5-9A35-2CE4E26BD044}.Debug|iPhoneSimulator.ActiveCfg = Debug|iPhoneSimulator
		{CDE110A1-FAD5-44C5-9A35-2CE4E26BD044}.Debug|iPhoneSimulator.Build.0 = Debug|iPhoneSimulator
		{CDE110A1-FAD5-44C5-9A35-2CE4E26BD044}.Release|iPhone.ActiveCfg = Release|iPhone
		{CDE110A1-FAD5-44C5-9A35-2CE4E26BD044}.Release|iPhone.Build.0 = Release|iPhone
		{CDE110A1-FAD5-44C5-9A35-2CE4E26BD044}.Release|iPhoneSimulator.ActiveCfg = Release|iPhoneSimulator
		{CDE110A1-FAD5-44C5-9A35-2CE4E26BD044}.Release|iPhoneSimulator.Build.0 = Release|iPhoneSimulator
	EndGlobalSection
EndGlobal
